// !$*UTF8*$!
{
	archiveVersion = 1;
	classes = {
	};
	objectVersion = 56;
	objects = {

/* Begin PBXBuildFile section */
		09362C4E2AC41E3300965D79 /* AppDelegate.swift in Sources */ = {isa = PBXBuildFile; fileRef = 09362C4D2AC41E3300965D79 /* AppDelegate.swift */; };
		09362C502AC41E3300965D79 /* SceneDelegate.swift in Sources */ = {isa = PBXBuildFile; fileRef = 09362C4F2AC41E3300965D79 /* SceneDelegate.swift */; };
		09362C522AC41E3300965D79 /* ViewController.swift in Sources */ = {isa = PBXBuildFile; fileRef = 09362C512AC41E3300965D79 /* ViewController.swift */; };
		09362C572AC41E3500965D79 /* Assets.xcassets in Resources */ = {isa = PBXBuildFile; fileRef = 09362C562AC41E3500965D79 /* Assets.xcassets */; };
		09362C5A2AC41E3500965D79 /* LaunchScreen.storyboard in Resources */ = {isa = PBXBuildFile; fileRef = 09362C582AC41E3500965D79 /* LaunchScreen.storyboard */; };
		09362C662AC4200D00965D79 /* UIView+Constraints.swift in Sources */ = {isa = PBXBuildFile; fileRef = 09362C652AC4200D00965D79 /* UIView+Constraints.swift */; };
		09362C682AC4203600965D79 /* UIView+Ext.swift in Sources */ = {isa = PBXBuildFile; fileRef = 09362C672AC4203600965D79 /* UIView+Ext.swift */; };
		09D1C53C2AC46D7D004E5EAD /* Person.swift in Sources */ = {isa = PBXBuildFile; fileRef = 09D1C53B2AC46D7D004E5EAD /* Person.swift */; };
		09D1C53F2AC46DBF004E5EAD /* MainViewModel.swift in Sources */ = {isa = PBXBuildFile; fileRef = 09D1C53E2AC46DBF004E5EAD /* MainViewModel.swift */; };
		09D1C5422AC471BD004E5EAD /* SmallCaseAlert.swift in Sources */ = {isa = PBXBuildFile; fileRef = 09D1C5412AC471BD004E5EAD /* SmallCaseAlert.swift */; };
		09D1C5442AC4726A004E5EAD /* SmallCaseContainerView.swift in Sources */ = {isa = PBXBuildFile; fileRef = 09D1C5432AC4726A004E5EAD /* SmallCaseContainerView.swift */; };
		09D1C5462AC472B6004E5EAD /* SmallCaseTitleLabel.swift in Sources */ = {isa = PBXBuildFile; fileRef = 09D1C5452AC472B6004E5EAD /* SmallCaseTitleLabel.swift */; };
		09D1C5482AC472F1004E5EAD /* SmallCaseBodyLabel.swift in Sources */ = {isa = PBXBuildFile; fileRef = 09D1C5472AC472F1004E5EAD /* SmallCaseBodyLabel.swift */; };
		09D1C54B2AC4735B004E5EAD /* Roboto-Regular.ttf in Resources */ = {isa = PBXBuildFile; fileRef = 09D1C54A2AC4735B004E5EAD /* Roboto-Regular.ttf */; };
		09D1C54D2AC47707004E5EAD /* SmallCaseButton.swift in Sources */ = {isa = PBXBuildFile; fileRef = 09D1C54C2AC47707004E5EAD /* SmallCaseButton.swift */; };
		09D1C5532AC4A8BB004E5EAD /* ErrorMessage.swift in Sources */ = {isa = PBXBuildFile; fileRef = 09D1C5522AC4A8BB004E5EAD /* ErrorMessage.swift */; };
		09D1C5552AC4A8FC004E5EAD /* NetworkManager.swift in Sources */ = {isa = PBXBuildFile; fileRef = 09D1C5542AC4A8FC004E5EAD /* NetworkManager.swift */; };
		09D1C5572AC4A91A004E5EAD /* Constants.swift in Sources */ = {isa = PBXBuildFile; fileRef = 09D1C5562AC4A91A004E5EAD /* Constants.swift */; };
		09D1C55B2AC4AA56004E5EAD /* LoadingVC.swift in Sources */ = {isa = PBXBuildFile; fileRef = 09D1C55A2AC4AA56004E5EAD /* LoadingVC.swift */; };
		09D1C55D2AC4B4E6004E5EAD /* ToastViewProtocol.swift in Sources */ = {isa = PBXBuildFile; fileRef = 09D1C55C2AC4B4E6004E5EAD /* ToastViewProtocol.swift */; };
		09D1C55F2AC4B509004E5EAD /* ToastView.swift in Sources */ = {isa = PBXBuildFile; fileRef = 09D1C55E2AC4B509004E5EAD /* ToastView.swift */; };
		09D1C5612AC4B6A0004E5EAD /* String+Ext.swift in Sources */ = {isa = PBXBuildFile; fileRef = 09D1C5602AC4B6A0004E5EAD /* String+Ext.swift */; };
		09D1C5632AC4B6B3004E5EAD /* Data+Ext.swift in Sources */ = {isa = PBXBuildFile; fileRef = 09D1C5622AC4B6B3004E5EAD /* Data+Ext.swift */; };
/* End PBXBuildFile section */

/* Begin PBXFileReference section */
		09362C4A2AC41E3300965D79 /* GatewayAssignment.app */ = {isa = PBXFileReference; explicitFileType = wrapper.application; includeInIndex = 0; path = GatewayAssignment.app; sourceTree = BUILT_PRODUCTS_DIR; };
		09362C4D2AC41E3300965D79 /* AppDelegate.swift */ = {isa = PBXFileReference; lastKnownFileType = sourcecode.swift; path = AppDelegate.swift; sourceTree = "<group>"; };
		09362C4F2AC41E3300965D79 /* SceneDelegate.swift */ = {isa = PBXFileReference; lastKnownFileType = sourcecode.swift; path = SceneDelegate.swift; sourceTree = "<group>"; };
		09362C512AC41E3300965D79 /* ViewController.swift */ = {isa = PBXFileReference; lastKnownFileType = sourcecode.swift; path = ViewController.swift; sourceTree = "<group>"; };
		09362C562AC41E3500965D79 /* Assets.xcassets */ = {isa = PBXFileReference; lastKnownFileType = folder.assetcatalog; path = Assets.xcassets; sourceTree = "<group>"; };
		09362C592AC41E3500965D79 /* Base */ = {isa = PBXFileReference; lastKnownFileType = file.storyboard; name = Base; path = Base.lproj/LaunchScreen.storyboard; sourceTree = "<group>"; };
		09362C5B2AC41E3500965D79 /* Info.plist */ = {isa = PBXFileReference; lastKnownFileType = text.plist.xml; path = Info.plist; sourceTree = "<group>"; };
		09362C652AC4200D00965D79 /* UIView+Constraints.swift */ = {isa = PBXFileReference; lastKnownFileType = sourcecode.swift; path = "UIView+Constraints.swift"; sourceTree = "<group>"; };
		09362C672AC4203600965D79 /* UIView+Ext.swift */ = {isa = PBXFileReference; lastKnownFileType = sourcecode.swift; path = "UIView+Ext.swift"; sourceTree = "<group>"; };
		09D1C53B2AC46D7D004E5EAD /* Person.swift */ = {isa = PBXFileReference; lastKnownFileType = sourcecode.swift; path = Person.swift; sourceTree = "<group>"; };
		09D1C53E2AC46DBF004E5EAD /* MainViewModel.swift */ = {isa = PBXFileReference; lastKnownFileType = sourcecode.swift; path = MainViewModel.swift; sourceTree = "<group>"; };
		09D1C5412AC471BD004E5EAD /* SmallCaseAlert.swift */ = {isa = PBXFileReference; lastKnownFileType = sourcecode.swift; path = SmallCaseAlert.swift; sourceTree = "<group>"; };
		09D1C5432AC4726A004E5EAD /* SmallCaseContainerView.swift */ = {isa = PBXFileReference; lastKnownFileType = sourcecode.swift; path = SmallCaseContainerView.swift; sourceTree = "<group>"; };
		09D1C5452AC472B6004E5EAD /* SmallCaseTitleLabel.swift */ = {isa = PBXFileReference; lastKnownFileType = sourcecode.swift; path = SmallCaseTitleLabel.swift; sourceTree = "<group>"; };
		09D1C5472AC472F1004E5EAD /* SmallCaseBodyLabel.swift */ = {isa = PBXFileReference; lastKnownFileType = sourcecode.swift; path = SmallCaseBodyLabel.swift; sourceTree = "<group>"; };
		09D1C54A2AC4735B004E5EAD /* Roboto-Regular.ttf */ = {isa = PBXFileReference; lastKnownFileType = file; path = "Roboto-Regular.ttf"; sourceTree = "<group>"; };
		09D1C54C2AC47707004E5EAD /* SmallCaseButton.swift */ = {isa = PBXFileReference; lastKnownFileType = sourcecode.swift; path = SmallCaseButton.swift; sourceTree = "<group>"; };
		09D1C5522AC4A8BB004E5EAD /* ErrorMessage.swift */ = {isa = PBXFileReference; lastKnownFileType = sourcecode.swift; path = ErrorMessage.swift; sourceTree = "<group>"; };
		09D1C5542AC4A8FC004E5EAD /* NetworkManager.swift */ = {isa = PBXFileReference; lastKnownFileType = sourcecode.swift; path = NetworkManager.swift; sourceTree = "<group>"; };
		09D1C5562AC4A91A004E5EAD /* Constants.swift */ = {isa = PBXFileReference; lastKnownFileType = sourcecode.swift; path = Constants.swift; sourceTree = "<group>"; };
		09D1C55A2AC4AA56004E5EAD /* LoadingVC.swift */ = {isa = PBXFileReference; lastKnownFileType = sourcecode.swift; path = LoadingVC.swift; sourceTree = "<group>"; };
		09D1C55C2AC4B4E6004E5EAD /* ToastViewProtocol.swift */ = {isa = PBXFileReference; lastKnownFileType = sourcecode.swift; path = ToastViewProtocol.swift; sourceTree = "<group>"; };
		09D1C55E2AC4B509004E5EAD /* ToastView.swift */ = {isa = PBXFileReference; lastKnownFileType = sourcecode.swift; path = ToastView.swift; sourceTree = "<group>"; };
		09D1C5602AC4B6A0004E5EAD /* String+Ext.swift */ = {isa = PBXFileReference; lastKnownFileType = sourcecode.swift; path = "String+Ext.swift"; sourceTree = "<group>"; };
		09D1C5622AC4B6B3004E5EAD /* Data+Ext.swift */ = {isa = PBXFileReference; lastKnownFileType = sourcecode.swift; path = "Data+Ext.swift"; sourceTree = "<group>"; };
/* End PBXFileReference section */

/* Begin PBXFrameworksBuildPhase section */
		09362C472AC41E3300965D79 /* Frameworks */ = {
			isa = PBXFrameworksBuildPhase;
			buildActionMask = 2147483647;
			files = (
			);
			runOnlyForDeploymentPostprocessing = 0;
		};
/* End PBXFrameworksBuildPhase section */

/* Begin PBXGroup section */
		09362C412AC41E3300965D79 = {
			isa = PBXGroup;
			children = (
				09362C4C2AC41E3300965D79 /* GatewayAssignment */,
				09362C4B2AC41E3300965D79 /* Products */,
			);
			sourceTree = "<group>";
		};
		09362C4B2AC41E3300965D79 /* Products */ = {
			isa = PBXGroup;
			children = (
				09362C4A2AC41E3300965D79 /* GatewayAssignment.app */,
			);
			name = Products;
			sourceTree = "<group>";
		};
		09362C4C2AC41E3300965D79 /* GatewayAssignment */ = {
			isa = PBXGroup;
			children = (
				09D1C5512AC4A8AC004E5EAD /* Utilities */,
				09D1C54E2AC4A6F3004E5EAD /* Networking */,
				09D1C5492AC4734E004E5EAD /* Fonts */,
				09D1C5402AC471AB004E5EAD /* Custom */,
				09D1C53D2AC46DAE004E5EAD /* ViewModel */,
				09D1C53A2AC46D69004E5EAD /* Model */,
				09362C642AC41FFB00965D79 /* Extensions */,
				09362C612AC41F2200965D79 /* Core */,
				09362C632AC41F6000965D79 /* ViewControllers */,
				09362C622AC41F3B00965D79 /* Resources */,
			);
			path = GatewayAssignment;
			sourceTree = "<group>";
		};
		09362C612AC41F2200965D79 /* Core */ = {
			isa = PBXGroup;
			children = (
				09362C4D2AC41E3300965D79 /* AppDelegate.swift */,
				09362C4F2AC41E3300965D79 /* SceneDelegate.swift */,
			);
			path = Core;
			sourceTree = "<group>";
		};
		09362C622AC41F3B00965D79 /* Resources */ = {
			isa = PBXGroup;
			children = (
				09362C562AC41E3500965D79 /* Assets.xcassets */,
				09362C582AC41E3500965D79 /* LaunchScreen.storyboard */,
				09362C5B2AC41E3500965D79 /* Info.plist */,
			);
			path = Resources;
			sourceTree = "<group>";
		};
		09362C632AC41F6000965D79 /* ViewControllers */ = {
			isa = PBXGroup;
			children = (
				09362C512AC41E3300965D79 /* ViewController.swift */,
				09D1C55A2AC4AA56004E5EAD /* LoadingVC.swift */,
			);
			path = ViewControllers;
			sourceTree = "<group>";
		};
		09362C642AC41FFB00965D79 /* Extensions */ = {
			isa = PBXGroup;
			children = (
				09362C652AC4200D00965D79 /* UIView+Constraints.swift */,
				09362C672AC4203600965D79 /* UIView+Ext.swift */,
				09D1C5602AC4B6A0004E5EAD /* String+Ext.swift */,
				09D1C5622AC4B6B3004E5EAD /* Data+Ext.swift */,
			);
			path = Extensions;
			sourceTree = "<group>";
		};
		09D1C53A2AC46D69004E5EAD /* Model */ = {
			isa = PBXGroup;
			children = (
				09D1C53B2AC46D7D004E5EAD /* Person.swift */,
			);
			path = Model;
			sourceTree = "<group>";
		};
		09D1C53D2AC46DAE004E5EAD /* ViewModel */ = {
			isa = PBXGroup;
			children = (
				09D1C53E2AC46DBF004E5EAD /* MainViewModel.swift */,
			);
			path = ViewModel;
			sourceTree = "<group>";
		};
		09D1C5402AC471AB004E5EAD /* Custom */ = {
			isa = PBXGroup;
			children = (
				09D1C5412AC471BD004E5EAD /* SmallCaseAlert.swift */,
				09D1C54C2AC47707004E5EAD /* SmallCaseButton.swift */,
				09D1C5432AC4726A004E5EAD /* SmallCaseContainerView.swift */,
				09D1C5452AC472B6004E5EAD /* SmallCaseTitleLabel.swift */,
				09D1C5472AC472F1004E5EAD /* SmallCaseBodyLabel.swift */,
			);
			path = Custom;
			sourceTree = "<group>";
		};
		09D1C5492AC4734E004E5EAD /* Fonts */ = {
			isa = PBXGroup;
			children = (
				09D1C54A2AC4735B004E5EAD /* Roboto-Regular.ttf */,
			);
			path = Fonts;
			sourceTree = "<group>";
		};
		09D1C54E2AC4A6F3004E5EAD /* Networking */ = {
			isa = PBXGroup;
			children = (
				09D1C5542AC4A8FC004E5EAD /* NetworkManager.swift */,
			);
			path = Networking;
			sourceTree = "<group>";
		};
		09D1C5512AC4A8AC004E5EAD /* Utilities */ = {
			isa = PBXGroup;
			children = (
				09D1C5522AC4A8BB004E5EAD /* ErrorMessage.swift */,
				09D1C5562AC4A91A004E5EAD /* Constants.swift */,
				09D1C55C2AC4B4E6004E5EAD /* ToastViewProtocol.swift */,
				09D1C55E2AC4B509004E5EAD /* ToastView.swift */,
			);
			path = Utilities;
			sourceTree = "<group>";
		};
/* End PBXGroup section */

/* Begin PBXNativeTarget section */
		09362C492AC41E3300965D79 /* GatewayAssignment */ = {
			isa = PBXNativeTarget;
			buildConfigurationList = 09362C5E2AC41E3500965D79 /* Build configuration list for PBXNativeTarget "GatewayAssignment" */;
			buildPhases = (
				09362C462AC41E3300965D79 /* Sources */,
				09362C472AC41E3300965D79 /* Frameworks */,
				09362C482AC41E3300965D79 /* Resources */,
			);
			buildRules = (
			);
			dependencies = (
			);
			name = GatewayAssignment;
			productName = GatewayAssignment;
			productReference = 09362C4A2AC41E3300965D79 /* GatewayAssignment.app */;
			productType = "com.apple.product-type.application";
		};
/* End PBXNativeTarget section */

/* Begin PBXProject section */
		09362C422AC41E3300965D79 /* Project object */ = {
			isa = PBXProject;
			attributes = {
				BuildIndependentTargetsInParallel = 1;
				LastSwiftUpdateCheck = 1430;
				LastUpgradeCheck = 1430;
				TargetAttributes = {
					09362C492AC41E3300965D79 = {
						CreatedOnToolsVersion = 14.3.1;
					};
				};
			};
			buildConfigurationList = 09362C452AC41E3300965D79 /* Build configuration list for PBXProject "GatewayAssignment" */;
			compatibilityVersion = "Xcode 14.0";
			developmentRegion = en;
			hasScannedForEncodings = 0;
			knownRegions = (
				en,
				Base,
			);
			mainGroup = 09362C412AC41E3300965D79;
			productRefGroup = 09362C4B2AC41E3300965D79 /* Products */;
			projectDirPath = "";
			projectRoot = "";
			targets = (
				09362C492AC41E3300965D79 /* GatewayAssignment */,
			);
		};
/* End PBXProject section */

/* Begin PBXResourcesBuildPhase section */
		09362C482AC41E3300965D79 /* Resources */ = {
			isa = PBXResourcesBuildPhase;
			buildActionMask = 2147483647;
			files = (
				09D1C54B2AC4735B004E5EAD /* Roboto-Regular.ttf in Resources */,
				09362C5A2AC41E3500965D79 /* LaunchScreen.storyboard in Resources */,
				09362C572AC41E3500965D79 /* Assets.xcassets in Resources */,
			);
			runOnlyForDeploymentPostprocessing = 0;
		};
/* End PBXResourcesBuildPhase section */

/* Begin PBXSourcesBuildPhase section */
		09362C462AC41E3300965D79 /* Sources */ = {
			isa = PBXSourcesBuildPhase;
			buildActionMask = 2147483647;
			files = (
				09D1C53C2AC46D7D004E5EAD /* Person.swift in Sources */,
				09D1C55D2AC4B4E6004E5EAD /* ToastViewProtocol.swift in Sources */,
				09D1C54D2AC47707004E5EAD /* SmallCaseButton.swift in Sources */,
				09362C522AC41E3300965D79 /* ViewController.swift in Sources */,
				09362C4E2AC41E3300965D79 /* AppDelegate.swift in Sources */,
				09D1C5442AC4726A004E5EAD /* SmallCaseContainerView.swift in Sources */,
				09D1C5572AC4A91A004E5EAD /* Constants.swift in Sources */,
				09D1C53F2AC46DBF004E5EAD /* MainViewModel.swift in Sources */,
				09D1C5532AC4A8BB004E5EAD /* ErrorMessage.swift in Sources */,
				09D1C5462AC472B6004E5EAD /* SmallCaseTitleLabel.swift in Sources */,
				09D1C55B2AC4AA56004E5EAD /* LoadingVC.swift in Sources */,
				09D1C5632AC4B6B3004E5EAD /* Data+Ext.swift in Sources */,
				09D1C5482AC472F1004E5EAD /* SmallCaseBodyLabel.swift in Sources */,
				09D1C5422AC471BD004E5EAD /* SmallCaseAlert.swift in Sources */,
				09D1C5612AC4B6A0004E5EAD /* String+Ext.swift in Sources */,
				09D1C5552AC4A8FC004E5EAD /* NetworkManager.swift in Sources */,
				09362C682AC4203600965D79 /* UIView+Ext.swift in Sources */,
				09362C502AC41E3300965D79 /* SceneDelegate.swift in Sources */,
				09D1C55F2AC4B509004E5EAD /* ToastView.swift in Sources */,
				09362C662AC4200D00965D79 /* UIView+Constraints.swift in Sources */,
			);
			runOnlyForDeploymentPostprocessing = 0;
		};
/* End PBXSourcesBuildPhase section */

/* Begin PBXVariantGroup section */
		09362C582AC41E3500965D79 /* LaunchScreen.storyboard */ = {
			isa = PBXVariantGroup;
			children = (
				09362C592AC41E3500965D79 /* Base */,
			);
			name = LaunchScreen.storyboard;
			sourceTree = "<group>";
		};
/* End PBXVariantGroup section */

/* Begin XCBuildConfiguration section */
		09362C5C2AC41E3500965D79 /* Debug */ = {
			isa = XCBuildConfiguration;
			buildSettings = {
				ALWAYS_SEARCH_USER_PATHS = NO;
				CLANG_ANALYZER_NONNULL = YES;
				CLANG_ANALYZER_NUMBER_OBJECT_CONVERSION = YES_AGGRESSIVE;
				CLANG_CXX_LANGUAGE_STANDARD = "gnu++20";
				CLANG_ENABLE_MODULES = YES;
				CLANG_ENABLE_OBJC_ARC = YES;
				CLANG_ENABLE_OBJC_WEAK = YES;
				CLANG_WARN_BLOCK_CAPTURE_AUTORELEASING = YES;
				CLANG_WARN_BOOL_CONVERSION = YES;
				CLANG_WARN_COMMA = YES;
				CLANG_WARN_CONSTANT_CONVERSION = YES;
				CLANG_WARN_DEPRECATED_OBJC_IMPLEMENTATIONS = YES;
				CLANG_WARN_DIRECT_OBJC_ISA_USAGE = YES_ERROR;
				CLANG_WARN_DOCUMENTATION_COMMENTS = YES;
				CLANG_WARN_EMPTY_BODY = YES;
				CLANG_WARN_ENUM_CONVERSION = YES;
				CLANG_WARN_INFINITE_RECURSION = YES;
				CLANG_WARN_INT_CONVERSION = YES;
				CLANG_WARN_NON_LITERAL_NULL_CONVERSION = YES;
				CLANG_WARN_OBJC_IMPLICIT_RETAIN_SELF = YES;
				CLANG_WARN_OBJC_LITERAL_CONVERSION = YES;
				CLANG_WARN_OBJC_ROOT_CLASS = YES_ERROR;
				CLANG_WARN_QUOTED_INCLUDE_IN_FRAMEWORK_HEADER = YES;
				CLANG_WARN_RANGE_LOOP_ANALYSIS = YES;
				CLANG_WARN_STRICT_PROTOTYPES = YES;
				CLANG_WARN_SUSPICIOUS_MOVE = YES;
				CLANG_WARN_UNGUARDED_AVAILABILITY = YES_AGGRESSIVE;
				CLANG_WARN_UNREACHABLE_CODE = YES;
				CLANG_WARN__DUPLICATE_METHOD_MATCH = YES;
				COPY_PHASE_STRIP = NO;
				DEBUG_INFORMATION_FORMAT = dwarf;
				ENABLE_STRICT_OBJC_MSGSEND = YES;
				ENABLE_TESTABILITY = YES;
				GCC_C_LANGUAGE_STANDARD = gnu11;
				GCC_DYNAMIC_NO_PIC = NO;
				GCC_NO_COMMON_BLOCKS = YES;
				GCC_OPTIMIZATION_LEVEL = 0;
				GCC_PREPROCESSOR_DEFINITIONS = (
					"DEBUG=1",
					"$(inherited)",
				);
				GCC_WARN_64_TO_32_BIT_CONVERSION = YES;
				GCC_WARN_ABOUT_RETURN_TYPE = YES_ERROR;
				GCC_WARN_UNDECLARED_SELECTOR = YES;
				GCC_WARN_UNINITIALIZED_AUTOS = YES_AGGRESSIVE;
				GCC_WARN_UNUSED_FUNCTION = YES;
				GCC_WARN_UNUSED_VARIABLE = YES;
				IPHONEOS_DEPLOYMENT_TARGET = 16.4;
				MTL_ENABLE_DEBUG_INFO = INCLUDE_SOURCE;
				MTL_FAST_MATH = YES;
				ONLY_ACTIVE_ARCH = YES;
				SDKROOT = iphoneos;
				SWIFT_ACTIVE_COMPILATION_CONDITIONS = DEBUG;
				SWIFT_OPTIMIZATION_LEVEL = "-Onone";
			};
			name = Debug;
		};
		09362C5D2AC41E3500965D79 /* Release */ = {
			isa = XCBuildConfiguration;
			buildSettings = {
				ALWAYS_SEARCH_USER_PATHS = NO;
				CLANG_ANALYZER_NONNULL = YES;
				CLANG_ANALYZER_NUMBER_OBJECT_CONVERSION = YES_AGGRESSIVE;
				CLANG_CXX_LANGUAGE_STANDARD = "gnu++20";
				CLANG_ENABLE_MODULES = YES;
				CLANG_ENABLE_OBJC_ARC = YES;
				CLANG_ENABLE_OBJC_WEAK = YES;
				CLANG_WARN_BLOCK_CAPTURE_AUTORELEASING = YES;
				CLANG_WARN_BOOL_CONVERSION = YES;
				CLANG_WARN_COMMA = YES;
				CLANG_WARN_CONSTANT_CONVERSION = YES;
				CLANG_WARN_DEPRECATED_OBJC_IMPLEMENTATIONS = YES;
				CLANG_WARN_DIRECT_OBJC_ISA_USAGE = YES_ERROR;
				CLANG_WARN_DOCUMENTATION_COMMENTS = YES;
				CLANG_WARN_EMPTY_BODY = YES;
				CLANG_WARN_ENUM_CONVERSION = YES;
				CLANG_WARN_INFINITE_RECURSION = YES;
				CLANG_WARN_INT_CONVERSION = YES;
				CLANG_WARN_NON_LITERAL_NULL_CONVERSION = YES;
				CLANG_WARN_OBJC_IMPLICIT_RETAIN_SELF = YES;
				CLANG_WARN_OBJC_LITERAL_CONVERSION = YES;
				CLANG_WARN_OBJC_ROOT_CLASS = YES_ERROR;
				CLANG_WARN_QUOTED_INCLUDE_IN_FRAMEWORK_HEADER = YES;
				CLANG_WARN_RANGE_LOOP_ANALYSIS = YES;
				CLANG_WARN_STRICT_PROTOTYPES = YES;
				CLANG_WARN_SUSPICIOUS_MOVE = YES;
				CLANG_WARN_UNGUARDED_AVAILABILITY = YES_AGGRESSIVE;
				CLANG_WARN_UNREACHABLE_CODE = YES;
				CLANG_WARN__DUPLICATE_METHOD_MATCH = YES;
				COPY_PHASE_STRIP = NO;
				DEBUG_INFORMATION_FORMAT = "dwarf-with-dsym";
				ENABLE_NS_ASSERTIONS = NO;
				ENABLE_STRICT_OBJC_MSGSEND = YES;
				GCC_C_LANGUAGE_STANDARD = gnu11;
				GCC_NO_COMMON_BLOCKS = YES;
				GCC_WARN_64_TO_32_BIT_CONVERSION = YES;
				GCC_WARN_ABOUT_RETURN_TYPE = YES_ERROR;
				GCC_WARN_UNDECLARED_SELECTOR = YES;
				GCC_WARN_UNINITIALIZED_AUTOS = YES_AGGRESSIVE;
				GCC_WARN_UNUSED_FUNCTION = YES;
				GCC_WARN_UNUSED_VARIABLE = YES;
				IPHONEOS_DEPLOYMENT_TARGET = 16.4;
				MTL_ENABLE_DEBUG_INFO = NO;
				MTL_FAST_MATH = YES;
				SDKROOT = iphoneos;
				SWIFT_COMPILATION_MODE = wholemodule;
				SWIFT_OPTIMIZATION_LEVEL = "-O";
				VALIDATE_PRODUCT = YES;
			};
			name = Release;
		};
		09362C5F2AC41E3500965D79 /* Debug */ = {
			isa = XCBuildConfiguration;
			buildSettings = {
				ASSETCATALOG_COMPILER_APPICON_NAME = AppIcon;
				ASSETCATALOG_COMPILER_GLOBAL_ACCENT_COLOR_NAME = AccentColor;
				CODE_SIGN_STYLE = Automatic;
				CURRENT_PROJECT_VERSION = 1;
				DEVELOPMENT_TEAM = 8GPAM38G9D;
				GENERATE_INFOPLIST_FILE = YES;
				INFOPLIST_FILE = GatewayAssignment/Resources/Info.plist;
				INFOPLIST_KEY_UIApplicationSupportsIndirectInputEvents = YES;
				INFOPLIST_KEY_UILaunchStoryboardName = LaunchScreen;
				INFOPLIST_KEY_UIMainStoryboardFile = "";
				INFOPLIST_KEY_UISupportedInterfaceOrientations_iPad = "UIInterfaceOrientationPortrait UIInterfaceOrientationPortraitUpsideDown UIInterfaceOrientationLandscapeLeft UIInterfaceOrientationLandscapeRight";
				INFOPLIST_KEY_UISupportedInterfaceOrientations_iPhone = "UIInterfaceOrientationPortrait UIInterfaceOrientationLandscapeLeft UIInterfaceOrientationLandscapeRight";
				LD_RUNPATH_SEARCH_PATHS = (
					"$(inherited)",
					"@executable_path/Frameworks",
				);
				MARKETING_VERSION = 1.0;
				PRODUCT_BUNDLE_IDENTIFIER = com.aadityaSingh.GatewayAssignment;
				PRODUCT_NAME = "$(TARGET_NAME)";
				SWIFT_EMIT_LOC_STRINGS = YES;
				SWIFT_VERSION = 5.0;
				TARGETED_DEVICE_FAMILY = "1,2";
			};
			name = Debug;
		};
		09362C602AC41E3500965D79 /* Release */ = {
			isa = XCBuildConfiguration;
			buildSettings = {
				ASSETCATALOG_COMPILER_APPICON_NAME = AppIcon;
				ASSETCATALOG_COMPILER_GLOBAL_ACCENT_COLOR_NAME = AccentColor;
				CODE_SIGN_STYLE = Automatic;
				CURRENT_PROJECT_VERSION = 1;
				DEVELOPMENT_TEAM = 8GPAM38G9D;
				GENERATE_INFOPLIST_FILE = YES;
				INFOPLIST_FILE = GatewayAssignment/Resources/Info.plist;
				INFOPLIST_KEY_UIApplicationSupportsIndirectInputEvents = YES;
				INFOPLIST_KEY_UILaunchStoryboardName = LaunchScreen;
				INFOPLIST_KEY_UIMainStoryboardFile = "";
				INFOPLIST_KEY_UISupportedInterfaceOrientations_iPad = "UIInterfaceOrientationPortrait UIInterfaceOrientationPortraitUpsideDown UIInterfaceOrientationLandscapeLeft UIInterfaceOrientationLandscapeRight";
				INFOPLIST_KEY_UISupportedInterfaceOrientations_iPhone = "UIInterfaceOrientationPortrait UIInterfaceOrientationLandscapeLeft UIInterfaceOrientationLandscapeRight";
				LD_RUNPATH_SEARCH_PATHS = (
					"$(inherited)",
					"@executable_path/Frameworks",
				);
				MARKETING_VERSION = 1.0;
				PRODUCT_BUNDLE_IDENTIFIER = com.aadityaSingh.GatewayAssignment;
				PRODUCT_NAME = "$(TARGET_NAME)";
				SWIFT_EMIT_LOC_STRINGS = YES;
				SWIFT_VERSION = 5.0;
				TARGETED_DEVICE_FAMILY = "1,2";
			};
			name = Release;
		};
/* End XCBuildConfiguration section */

/* Begin XCConfigurationList section */
		09362C452AC41E3300965D79 /* Build configuration list for PBXProject "GatewayAssignment" */ = {
			isa = XCConfigurationList;
			buildConfigurations = (
				09362C5C2AC41E3500965D79 /* Debug */,
				09362C5D2AC41E3500965D79 /* Release */,
			);
			defaultConfigurationIsVisible = 0;
			defaultConfigurationName = Release;
		};
		09362C5E2AC41E3500965D79 /* Build configuration list for PBXNativeTarget "GatewayAssignment" */ = {
			isa = XCConfigurationList;
			buildConfigurations = (
				09362C5F2AC41E3500965D79 /* Debug */,
				09362C602AC41E3500965D79 /* Release */,
			);
			defaultConfigurationIsVisible = 0;
			defaultConfigurationName = Release;
		};
/* End XCConfigurationList section */
	};
	rootObject = 09362C422AC41E3300965D79 /* Project object */;
}
